
Microsoft Visual Studio Solution File, Format Version 12.00
# Visual Studio 15
VisualStudioVersion = 15.0.26430.16
MinimumVisualStudioVersion = 10.0.40219.1
Project("{FAE04EC0-301F-11D3-BF4B-00C04F79EFBC}") = "WJOP.Foundation.Common", "WJOP.Foundation.Common\WJOP.Foundation.Common.csproj", "{7F0A5F40-CD32-4368-AFAC-FE2D1191B655}"
EndProject
Project("{FAE04EC0-301F-11D3-BF4B-00C04F79EFBC}") = "WJOP.Foundation.Location", "WGOP.Foundation.Location\WJOP.Foundation.Location.csproj", "{6D721FFC-AB38-4BC2-BC5A-0BEED84EF12D}"
EndProject
Project("{FAE04EC0-301F-11D3-BF4B-00C04F79EFBC}") = "WJOP.Foundation.Cache", "WJOP.Foundation.Cache\WJOP.Foundation.Cache.csproj", "{08001B91-FD6C-4DAD-88FE-3F222932CB67}"
EndProject
Project("{FAE04EC0-301F-11D3-BF4B-00C04F79EFBC}") = "WJOP.Foundation.Log", "WJOP.Foundation.Log\WJOP.Foundation.Log.csproj", "{5364A68A-8A50-492D-AB31-C1751055E342}"
EndProject
Project("{FAE04EC0-301F-11D3-BF4B-00C04F79EFBC}") = "WJOP.Foundation.Measurement.Common", "WJOP.Foundation.Measurement.Common\WJOP.Foundation.Measurement.Common.csproj", "{4693DE86-63AB-406B-92AF-339B026A42E7}"
EndProject
Project("{FAE04EC0-301F-11D3-BF4B-00C04F79EFBC}") = "WJOP.Foundation.Measurement.SDK", "WJOP.Foundation.Measurement.SDK\WJOP.Foundation.Measurement.SDK.csproj", "{CAB30A4D-EC4F-4795-AC38-BB7F0323E4C8}"
EndProject
Global
	GlobalSection(SolutionConfigurationPlatforms) = preSolution
		Debug|Any CPU = Debug|Any CPU
		Release|Any CPU = Release|Any CPU
	EndGlobalSection
	GlobalSection(ProjectConfigurationPlatforms) = postSolution
		{7F0A5F40-CD32-4368-AFAC-FE2D1191B655}.Debug|Any CPU.ActiveCfg = Debug|Any CPU
		{7F0A5F40-CD32-4368-AFAC-FE2D1191B655}.Debug|Any CPU.Build.0 = Debug|Any CPU
		{7F0A5F40-CD32-4368-AFAC-FE2D1191B655}.Release|Any CPU.ActiveCfg = Release|Any CPU
		{7F0A5F40-CD32-4368-AFAC-FE2D1191B655}.Release|Any CPU.Build.0 = Release|Any CPU
		{6D721FFC-AB38-4BC2-BC5A-0BEED84EF12D}.Debug|Any CPU.ActiveCfg = Debug|Any CPU
		{6D721FFC-AB38-4BC2-BC5A-0BEED84EF12D}.Debug|Any CPU.Build.0 = Debug|Any CPU
		{6D721FFC-AB38-4BC2-BC5A-0BEED84EF12D}.Release|Any CPU.ActiveCfg = Release|Any CPU
		{6D721FFC-AB38-4BC2-BC5A-0BEED84EF12D}.Release|Any CPU.Build.0 = Release|Any CPU
		{08001B91-FD6C-4DAD-88FE-3F222932CB67}.Debug|Any CPU.ActiveCfg = Debug|Any CPU
		{08001B91-FD6C-4DAD-88FE-3F222932CB67}.Debug|Any CPU.Build.0 = Debug|Any CPU
		{08001B91-FD6C-4DAD-88FE-3F222932CB67}.Release|Any CPU.ActiveCfg = Release|Any CPU
		{08001B91-FD6C-4DAD-88FE-3F222932CB67}.Release|Any CPU.Build.0 = Release|Any CPU
		{5364A68A-8A50-492D-AB31-C1751055E342}.Debug|Any CPU.ActiveCfg = Debug|Any CPU
		{5364A68A-8A50-492D-AB31-C1751055E342}.Debug|Any CPU.Build.0 = Debug|Any CPU
		{5364A68A-8A50-492D-AB31-C1751055E342}.Release|Any CPU.ActiveCfg = Release|Any CPU
		{5364A68A-8A50-492D-AB31-C1751055E342}.Release|Any CPU.Build.0 = Release|Any CPU
		{4693DE86-63AB-406B-92AF-339B026A42E7}.Debug|Any CPU.ActiveCfg = Debug|Any CPU
		{4693DE86-63AB-406B-92AF-339B026A42E7}.Debug|Any CPU.Build.0 = Debug|Any CPU
		{4693DE86-63AB-406B-92AF-339B026A42E7}.Release|Any CPU.ActiveCfg = Release|Any CPU
		{4693DE86-63AB-406B-92AF-339B026A42E7}.Release|Any CPU.Build.0 = Release|Any CPU
		{CAB30A4D-EC4F-4795-AC38-BB7F0323E4C8}.Debug|Any CPU.ActiveCfg = Debug|Any CPU
		{CAB30A4D-EC4F-4795-AC38-BB7F0323E4C8}.Debug|Any CPU.Build.0 = Debug|Any CPU
		{CAB30A4D-EC4F-4795-AC38-BB7F0323E4C8}.Release|Any CPU.ActiveCfg = Release|Any CPU
		{CAB30A4D-EC4F-4795-AC38-BB7F0323E4C8}.Release|Any CPU.Build.0 = Release|Any CPU
	EndGlobalSection
	GlobalSection(SolutionProperties) = preSolution
		HideSolutionNode = FALSE
	EndGlobalSection
EndGlobal
